
Microsoft Visual Studio Solution File, Format Version 12.00
# Visual Studio Version 17
VisualStudioVersion = 17.2.32616.157
MinimumVisualStudioVersion = 10.0.40219.1
Project("{FAE04EC0-301F-11D3-BF4B-00C04F79EFBC}") = "Calculator", "Calculator\Calculator.csproj", "{6421E8CB-0F9B-4FF3-ADD7-B6C3B5268219}"
EndProject
Global
	GlobalSection(SolutionConfigurationPlatforms) = preSolution
		Debug|Any CPU = Debug|Any CPU
		Release|Any CPU = Release|Any CPU
	EndGlobalSection
	GlobalSection(ProjectConfigurationPlatforms) = postSolution
		{6421E8CB-0F9B-4FF3-ADD7-B6C3B5268219}.Debug|Any CPU.ActiveCfg = Debug|Any CPU
		{6421E8CB-0F9B-4FF3-ADD7-B6C3B5268219}.Debug|Any CPU.Build.0 = Debug|Any CPU
		{6421E8CB-0F9B-4FF3-ADD7-B6C3B5268219}.Release|Any CPU.ActiveCfg = Release|Any CPU
		{6421E8CB-0F9B-4FF3-ADD7-B6C3B5268219}.Release|Any CPU.Build.0 = Release|Any CPU
	EndGlobalSection
	GlobalSection(SolutionProperties) = preSolution
		HideSolutionNode = FALSE
	EndGlobalSection
	GlobalSection(ExtensibilityGlobals) = postSolution
		SolutionGuid = {56E7BB54-6581-4DD3-8103-683D50EB0E6A}
	EndGlobalSection
EndGlobal
