
Microsoft Visual Studio Solution File, Format Version 12.00
# Visual Studio Version 17
VisualStudioVersion = 17.2.32630.192
MinimumVisualStudioVersion = 10.0.40219.1
Project("{FAE04EC0-301F-11D3-BF4B-00C04F79EFBC}") = "firstPractice", "firstPractice\firstPractice.csproj", "{D82F2147-0393-469D-8F26-2F3EE5F59F36}"
EndProject
Global
	GlobalSection(SolutionConfigurationPlatforms) = preSolution
		Debug|Any CPU = Debug|Any CPU
		Release|Any CPU = Release|Any CPU
	EndGlobalSection
	GlobalSection(ProjectConfigurationPlatforms) = postSolution
		{D82F2147-0393-469D-8F26-2F3EE5F59F36}.Debug|Any CPU.ActiveCfg = Debug|Any CPU
		{D82F2147-0393-469D-8F26-2F3EE5F59F36}.Debug|Any CPU.Build.0 = Debug|Any CPU
		{D82F2147-0393-469D-8F26-2F3EE5F59F36}.Release|Any CPU.ActiveCfg = Release|Any CPU
		{D82F2147-0393-469D-8F26-2F3EE5F59F36}.Release|Any CPU.Build.0 = Release|Any CPU
	EndGlobalSection
	GlobalSection(SolutionProperties) = preSolution
		HideSolutionNode = FALSE
	EndGlobalSection
	GlobalSection(ExtensibilityGlobals) = postSolution
		SolutionGuid = {5DD270C6-3138-45B8-80A5-E7A66247AF6C}
	EndGlobalSection
EndGlobal
