
Microsoft Visual Studio Solution File, Format Version 12.00
# Visual Studio Version 17
VisualStudioVersion = 17.1.32210.238
MinimumVisualStudioVersion = 10.0.40219.1
Project("{FAE04EC0-301F-11D3-BF4B-00C04F79EFBC}") = "Calculator", "Calculator.csproj", "{103D82B4-799F-4036-AC80-8123BC2AC879}"
EndProject
Global
	GlobalSection(SolutionConfigurationPlatforms) = preSolution
		Debug|Any CPU = Debug|Any CPU
		Release|Any CPU = Release|Any CPU
	EndGlobalSection
	GlobalSection(ProjectConfigurationPlatforms) = postSolution
		{103D82B4-799F-4036-AC80-8123BC2AC879}.Debug|Any CPU.ActiveCfg = Debug|Any CPU
		{103D82B4-799F-4036-AC80-8123BC2AC879}.Debug|Any CPU.Build.0 = Debug|Any CPU
		{103D82B4-799F-4036-AC80-8123BC2AC879}.Release|Any CPU.ActiveCfg = Release|Any CPU
		{103D82B4-799F-4036-AC80-8123BC2AC879}.Release|Any CPU.Build.0 = Release|Any CPU
	EndGlobalSection
	GlobalSection(SolutionProperties) = preSolution
		HideSolutionNode = FALSE
	EndGlobalSection
	GlobalSection(ExtensibilityGlobals) = postSolution
		SolutionGuid = {A489E66B-0150-441B-8EDD-1F89724F0DDE}
	EndGlobalSection
EndGlobal
